{
  "name": "ztoad-development",
  "lockfileVersion": 3,
  "requires": true,
  "packages": {
    "": {
      "name": "ztoad-development",
      "devDependencies": {
        "@abaplint/cli": "2.120.18"
      },
      "engines": {
        "node": ">=18"
      }
    },
    "node_modules/@abaplint/cli": {
      "version": "2.120.18",
      "resolved": "https://registry.npmjs.org/@abaplint/cli/-/cli-2.120.18.tgz",
      "integrity": "sha512-Wm0KXouC29mjuj5EJ1pv/qLNlG5kCN2OB9b1q7AGsrF5sQvILpVszIZdwnORqbJWOk0nameYyxMMSve1xdtpoQ==",
      "dev": true,
      "license": "MIT",
      "bin": {
        "abaplint": "abaplint"
      },
      "engines": {
        "node": ">=18.0.0"
      },
      "funding": {
        "url": "https://github.com/sponsors/larshp"
      }
    }
  }
}
